{
  "lockfile_version": "1",
  "packages": {
    "cargo-outdated@latest": {
      "last_modified": "2025-11-23T21:50:36Z",
      "resolved": "github:NixOS/nixpkgs/ee09932cedcef15aaf476f9343d1dea2cb77e261#cargo-outdated",
      "source": "devbox-search",
      "version": "0.18.0",
      "systems": {
        "aarch64-darwin": {
          "outputs": [
            {
              "name": "out",
              "path": "/nix/store/4xymb72p3z6imdc15pwfgiyxvapykzfy-cargo-outdated-0.18.0",
              "default": true
            }
          ],
          "store_path": "/nix/store/4xymb72p3z6imdc15pwfgiyxvapykzfy-cargo-outdated-0.18.0"
        },
        "aarch64-linux": {
          "outputs": [
            {
              "name": "out",
              "path": "/nix/store/jfm48q4vj3nxlyaky72x072kyf4ds14q-cargo-outdated-0.18.0",
              "default": true
            }
          ],
          "store_path": "/nix/store/jfm48q4vj3nxlyaky72x072kyf4ds14q-cargo-outdated-0.18.0"
        },
        "x86_64-darwin": {
          "outputs": [
            {
              "name": "out",
              "path": "/nix/store/c5r164q5s2xh600v5kka30fcg6sbpz8z-cargo-outdated-0.18.0",
              "default": true
            }
          ],
          "store_path": "/nix/store/c5r164q5s2xh600v5kka30fcg6sbpz8z-cargo-outdated-0.18.0"
        },
        "x86_64-linux": {
          "outputs": [
            {
              "name": "out",
              "path": "/nix/store/m01hmvma7ksaqx1nm0ny4mn7s3h5zvpx-cargo-outdated-0.18.0",
              "default": true
            }
          ],
          "store_path": "/nix/store/m01hmvma7ksaqx1nm0ny4mn7s3h5zvpx-cargo-outdated-0.18.0"
        }
      }
    },
    "cargo@latest": {
      "last_modified": "2025-11-23T21:50:36Z",
      "resolved": "github:NixOS/nixpkgs/ee09932cedcef15aaf476f9343d1dea2cb77e261#cargo",
      "source": "devbox-search",
      "version": "1.91.1",
      "systems": {
        "aarch64-darwin": {
          "outputs": [
            {
              "name": "out",
              "path": "/nix/store/45b258b3av4kwr5pljhaghpkn2b076gp-cargo-1.91.1",
              "default": true
            }
          ],
          "store_path": "/nix/store/45b258b3av4kwr5pljhaghpkn2b076gp-cargo-1.91.1"
        },
        "aarch64-linux": {
          "outputs": [
            {
              "name": "out",
              "path": "/nix/store/0dc8isk49j5nixxswvl8kdsvz8wvzah8-cargo-1.91.1",
              "default": true
            }
          ],
          "store_path": "/nix/store/0dc8isk49j5nixxswvl8kdsvz8wvzah8-cargo-1.91.1"
        },
        "x86_64-darwin": {
          "outputs": [
            {
              "name": "out",
              "path": "/nix/store/vc9ij5iq2ga02875g3i8dxz7mpa11ygf-cargo-1.91.1",
              "default": true
            }
          ],
          "store_path": "/nix/store/vc9ij5iq2ga02875g3i8dxz7mpa11ygf-cargo-1.91.1"
        },
        "x86_64-linux": {
          "outputs": [
            {
              "name": "out",
              "path": "/nix/store/742kq790y4nd92s4l4arg7ij8h7is5ar-cargo-1.91.1",
              "default": true
            }
          ],
          "store_path": "/nix/store/742kq790y4nd92s4l4arg7ij8h7is5ar-cargo-1.91.1"
        }
      }
    },
    "clippy@latest": {
      "last_modified": "2025-11-23T21:50:36Z",
      "resolved": "github:NixOS/nixpkgs/ee09932cedcef15aaf476f9343d1dea2cb77e261#clippy",
      "source": "devbox-search",
      "version": "1.91.1",
      "systems": {
        "aarch64-darwin": {
          "outputs": [
            {
              "name": "out",
              "path": "/nix/store/qmilz670qynmclphf9jx9m2vw1pb80xa-clippy-1.91.1",
              "default": true
            }
          ],
          "store_path": "/nix/store/qmilz670qynmclphf9jx9m2vw1pb80xa-clippy-1.91.1"
        },
        "aarch64-linux": {
          "outputs": [
            {
              "name": "out",
              "path": "/nix/store/9sppqdqngbmi1yzxdmf2j4ligjhkxrxx-clippy-1.91.1",
              "default": true
            },
            {
              "name": "debug",
              "path": "/nix/store/dszg3m8pk2cwdqdv01f164sv162y9p73-clippy-1.91.1-debug"
            }
          ],
          "store_path": "/nix/store/9sppqdqngbmi1yzxdmf2j4ligjhkxrxx-clippy-1.91.1"
        },
        "x86_64-darwin": {
          "outputs": [
            {
              "name": "out",
              "path": "/nix/store/0mkrx8x7qpn68jlla6120ggrikpxyygj-clippy-1.91.1",
              "default": true
            }
          ],
          "store_path": "/nix/store/0mkrx8x7qpn68jlla6120ggrikpxyygj-clippy-1.91.1"
        },
        "x86_64-linux": {
          "outputs": [
            {
              "name": "out",
              "path": "/nix/store/5y00kqp8qlmjwvm5h607n6jnmqr75dnk-clippy-1.91.1",
              "default": true
            },
            {
              "name": "debug",
              "path": "/nix/store/6wdp4pbpaj0rrzr5dwabz4k7rgcd2qrp-clippy-1.91.1-debug"
            }
          ],
          "store_path": "/nix/store/5y00kqp8qlmjwvm5h607n6jnmqr75dnk-clippy-1.91.1"
        }
      }
    },
    "github:NixOS/nixpkgs/nixpkgs-unstable": {
      "last_modified": "2025-12-31T03:27:36Z",
      "resolved": "github:NixOS/nixpkgs/f665af0cdb70ed27e1bd8f9fdfecaf451260fc55?lastModified=1767151656&narHash=sha256-ujL2AoYBnJBN262HD95yer7QYUmYp5kFZGYbyCCKxq8%3D"
    },
    "just@latest": {
      "last_modified": "2025-12-23T23:26:46Z",
      "resolved": "github:NixOS/nixpkgs/8142186f001295e5a3239f485c8a49bf2de2695a#just",
      "source": "devbox-search",
      "version": "1.45.0",
      "systems": {
        "aarch64-darwin": {
          "outputs": [
            {
              "name": "out",
              "path": "/nix/store/dnqnfckpvljd2wrklgi1w60kkg5jqpwd-just-1.45.0",
              "default": true
            },
            {
              "name": "man",
              "path": "/nix/store/qfackb9kni5iqn6w5kpbgwprw018bks3-just-1.45.0-man",
              "default": true
            },
            {
              "name": "doc",
              "path": "/nix/store/kgd01a0pgv3l1kb37x7hsc5lmhzrn5bn-just-1.45.0-doc"
            }
          ],
          "store_path": "/nix/store/dnqnfckpvljd2wrklgi1w60kkg5jqpwd-just-1.45.0"
        },
        "aarch64-linux": {
          "outputs": [
            {
              "name": "out",
              "path": "/nix/store/mavl1yn8l6r0b09kzjkgznxy63gh288a-just-1.45.0",
              "default": true
            },
            {
              "name": "man",
              "path": "/nix/store/m70r8y918iy933wal5zfyvhxqa7bfdn9-just-1.45.0-man",
              "default": true
            },
            {
              "name": "doc",
              "path": "/nix/store/w6825ipbfc1rjs51n61s9vfwc3b4x8ql-just-1.45.0-doc"
            }
          ],
          "store_path": "/nix/store/mavl1yn8l6r0b09kzjkgznxy63gh288a-just-1.45.0"
        },
        "x86_64-darwin": {
          "outputs": [
            {
              "name": "out",
              "path": "/nix/store/0bvn84ws9jrbf7v37y0l0wzi33yhgksl-just-1.45.0",
              "default": true
            },
            {
              "name": "man",
              "path": "/nix/store/izikr96cnxx13nx8rm2dhdll550vcd06-just-1.45.0-man",
              "default": true
            },
            {
              "name": "doc",
              "path": "/nix/store/kacp6gdhhpdw6nzag1krnhlw6bm89450-just-1.45.0-doc"
            }
          ],
          "store_path": "/nix/store/0bvn84ws9jrbf7v37y0l0wzi33yhgksl-just-1.45.0"
        },
        "x86_64-linux": {
          "outputs": [
            {
              "name": "out",
              "path": "/nix/store/710vjw3c4hgfg0gqlnzwvvl0hx7q2iq9-just-1.45.0",
              "default": true
            },
            {
              "name": "man",
              "path": "/nix/store/18yq20bqfgx4xzy8fa9pxwwr0k8gcl7w-just-1.45.0-man",
              "default": true
            },
            {
              "name": "doc",
              "path": "/nix/store/64di9vxvrsg69qlnswki7p4h95wrqg19-just-1.45.0-doc"
            }
          ],
          "store_path": "/nix/store/710vjw3c4hgfg0gqlnzwvvl0hx7q2iq9-just-1.45.0"
        }
      }
    },
    "kind@latest": {
      "last_modified": "2025-12-27T03:48:10Z",
      "resolved": "github:NixOS/nixpkgs/4eec65df50d796a8fd9c146a09b5007916ce376b#kind",
      "source": "devbox-search",
      "version": "0.31.0",
      "systems": {
        "aarch64-darwin": {
          "outputs": [
            {
              "name": "out",
              "path": "/nix/store/0481jp5p025qg4w6nvgljf5dfnjv7zp5-kind-0.31.0",
              "default": true
            }
          ],
          "store_path": "/nix/store/0481jp5p025qg4w6nvgljf5dfnjv7zp5-kind-0.31.0"
        },
        "aarch64-linux": {
          "outputs": [
            {
              "name": "out",
              "path": "/nix/store/44rwlgmi57xkkrb359wbj2xzrsaclqfv-kind-0.31.0",
              "default": true
            }
          ],
          "store_path": "/nix/store/44rwlgmi57xkkrb359wbj2xzrsaclqfv-kind-0.31.0"
        },
        "x86_64-darwin": {
          "outputs": [
            {
              "name": "out",
              "path": "/nix/store/xdp8sz4jj8fg97aq3kngm7zj775hs9il-kind-0.31.0",
              "default": true
            }
          ],
          "store_path": "/nix/store/xdp8sz4jj8fg97aq3kngm7zj775hs9il-kind-0.31.0"
        },
        "x86_64-linux": {
          "outputs": [
            {
              "name": "out",
              "path": "/nix/store/m5zqwjnaymrfvgylvvsvppq1qz69zlam-kind-0.31.0",
              "default": true
            }
          ],
          "store_path": "/nix/store/m5zqwjnaymrfvgylvvsvppq1qz69zlam-kind-0.31.0"
        }
      }
    },
    "kubectx@latest": {
      "last_modified": "2025-11-23T21:50:36Z",
      "resolved": "github:NixOS/nixpkgs/ee09932cedcef15aaf476f9343d1dea2cb77e261#kubectx",
      "source": "devbox-search",
      "version": "0.9.5",
      "systems": {
        "aarch64-darwin": {
          "outputs": [
            {
              "name": "out",
              "path": "/nix/store/5pvzpcd2nb99f441nrm82fl4xr38yrcs-kubectx-0.9.5",
              "default": true
            }
          ],
          "store_path": "/nix/store/5pvzpcd2nb99f441nrm82fl4xr38yrcs-kubectx-0.9.5"
        },
        "aarch64-linux": {
          "outputs": [
            {
              "name": "out",
              "path": "/nix/store/9zjr9airiiavl00hv9bdybaihk7lbjc6-kubectx-0.9.5",
              "default": true
            }
          ],
          "store_path": "/nix/store/9zjr9airiiavl00hv9bdybaihk7lbjc6-kubectx-0.9.5"
        },
        "x86_64-darwin": {
          "outputs": [
            {
              "name": "out",
              "path": "/nix/store/4c197wkchvzanp6sbv852r8azzj4zbg6-kubectx-0.9.5",
              "default": true
            }
          ],
          "store_path": "/nix/store/4c197wkchvzanp6sbv852r8azzj4zbg6-kubectx-0.9.5"
        },
        "x86_64-linux": {
          "outputs": [
            {
              "name": "out",
              "path": "/nix/store/r0pamkj0dd650x124gqvq5vn7cgh8sjz-kubectx-0.9.5",
              "default": true
            }
          ],
          "store_path": "/nix/store/r0pamkj0dd650x124gqvq5vn7cgh8sjz-kubectx-0.9.5"
        }
      }
    },
    "rustc@latest": {
      "last_modified": "2025-11-23T21:50:36Z",
      "plugin_version": "0.0.1",
      "resolved": "github:NixOS/nixpkgs/ee09932cedcef15aaf476f9343d1dea2cb77e261#rustc",
      "source": "devbox-search",
      "version": "1.91.1",
      "systems": {
        "aarch64-darwin": {
          "outputs": [
            {
              "name": "out",
              "path": "/nix/store/6l6lym49l235a70z96b527pqhnmi4i1m-rustc-wrapper-1.91.1",
              "default": true
            },
            {
              "name": "man",
              "path": "/nix/store/ly2n6dgvx22qmbvm2j6jcfhinypraz1g-rustc-wrapper-1.91.1-man",
              "default": true
            },
            {
              "name": "doc",
              "path": "/nix/store/j1rba0izlw47p4aag6948hp1fnp04qgj-rustc-wrapper-1.91.1-doc"
            }
          ],
          "store_path": "/nix/store/6l6lym49l235a70z96b527pqhnmi4i1m-rustc-wrapper-1.91.1"
        },
        "aarch64-linux": {
          "outputs": [
            {
              "name": "out",
              "path": "/nix/store/nnqpjjf6w0yvc45hl24xd79ima2axb58-rustc-wrapper-1.91.1",
              "default": true
            },
            {
              "name": "man",
              "path": "/nix/store/qm129wdvzfkk824dwphwi5qfx924dnnb-rustc-wrapper-1.91.1-man",
              "default": true
            },
            {
              "name": "doc",
              "path": "/nix/store/mpl3cl7clcw2w70jm23pz4z1k18w3cvb-rustc-wrapper-1.91.1-doc"
            }
          ],
          "store_path": "/nix/store/nnqpjjf6w0yvc45hl24xd79ima2axb58-rustc-wrapper-1.91.1"
        },
        "x86_64-darwin": {
          "outputs": [
            {
              "name": "out",
              "path": "/nix/store/a808m1iarlz2q2swj4mw8c6zv0jfc5kx-rustc-wrapper-1.91.1",
              "default": true
            },
            {
              "name": "man",
              "path": "/nix/store/hzlv8xapq0zkyac2q9hmihv5lsc8c423-rustc-wrapper-1.91.1-man",
              "default": true
            },
            {
              "name": "doc",
              "path": "/nix/store/iz41p08b2xv8i1p5kvrnn4h6cah0032a-rustc-wrapper-1.91.1-doc"
            }
          ],
          "store_path": "/nix/store/a808m1iarlz2q2swj4mw8c6zv0jfc5kx-rustc-wrapper-1.91.1"
        },
        "x86_64-linux": {
          "outputs": [
            {
              "name": "out",
              "path": "/nix/store/4sj19dch0zhnhhdsbrz9pxz55bc2xhb9-rustc-wrapper-1.91.1",
              "default": true
            },
            {
              "name": "man",
              "path": "/nix/store/13ifbzz8zm7fv3yyiqwx8xrnxkxkdlfz-rustc-wrapper-1.91.1-man",
              "default": true
            },
            {
              "name": "doc",
              "path": "/nix/store/8jrl0jg0jqxvx859icfwncmfvivslgqk-rustc-wrapper-1.91.1-doc"
            }
          ],
          "store_path": "/nix/store/4sj19dch0zhnhhdsbrz9pxz55bc2xhb9-rustc-wrapper-1.91.1"
        }
      }
    },
    "rustfmt@latest": {
      "last_modified": "2025-11-23T21:50:36Z",
      "resolved": "github:NixOS/nixpkgs/ee09932cedcef15aaf476f9343d1dea2cb77e261#rustfmt",
      "source": "devbox-search",
      "version": "1.91.1",
      "systems": {
        "aarch64-darwin": {
          "outputs": [
            {
              "name": "out",
              "path": "/nix/store/0436paj5d9czw961p6k4by8p01kc40pp-rustfmt-1.91.1",
              "default": true
            }
          ],
          "store_path": "/nix/store/0436paj5d9czw961p6k4by8p01kc40pp-rustfmt-1.91.1"
        },
        "aarch64-linux": {
          "outputs": [
            {
              "name": "out",
              "path": "/nix/store/1zi5b138gjvsja6mc8mx1ziagzxb8snj-rustfmt-1.91.1",
              "default": true
            }
          ],
          "store_path": "/nix/store/1zi5b138gjvsja6mc8mx1ziagzxb8snj-rustfmt-1.91.1"
        },
        "x86_64-darwin": {
          "outputs": [
            {
              "name": "out",
              "path": "/nix/store/7si82wpwyfbyn1q7rlh1ygc2pmrj591r-rustfmt-1.91.1",
              "default": true
            }
          ],
          "store_path": "/nix/store/7si82wpwyfbyn1q7rlh1ygc2pmrj591r-rustfmt-1.91.1"
        },
        "x86_64-linux": {
          "outputs": [
            {
              "name": "out",
              "path": "/nix/store/vg39s21pcy070xpacc1pizy469vbfpxc-rustfmt-1.91.1",
              "default": true
            }
          ],
          "store_path": "/nix/store/vg39s21pcy070xpacc1pizy469vbfpxc-rustfmt-1.91.1"
        }
      }
    }
  }
}
